// !$*UTF8*$!
{
	archiveVersion = 1;
	classes = {
	};
	objectVersion = 50;
	objects = {

/* Begin PBXBuildFile section */
		8F5530692153747F000F8CB0 /* AppDelegate.swift in Sources */ = {isa = PBXBuildFile; fileRef = 8F5530682153747F000F8CB0 /* AppDelegate.swift */; };
		8F55306B2153747F000F8CB0 /* ViewController.swift in Sources */ = {isa = PBXBuildFile; fileRef = 8F55306A2153747F000F8CB0 /* ViewController.swift */; };
		8F55306E2153747F000F8CB0 /* Main.storyboard in Resources */ = {isa = PBXBuildFile; fileRef = 8F55306C2153747F000F8CB0 /* Main.storyboard */; };
		8F55307021537483000F8CB0 /* Assets.xcassets in Resources */ = {isa = PBXBuildFile; fileRef = 8F55306F21537483000F8CB0 /* Assets.xcassets */; };
		8F55307321537483000F8CB0 /* LaunchScreen.storyboard in Resources */ = {isa = PBXBuildFile; fileRef = 8F55307121537483000F8CB0 /* LaunchScreen.storyboard */; };
		8F55307B21537634000F8CB0 /* SwiftyJSON.swift in Sources */ = {isa = PBXBuildFile; fileRef = 8F55307A21537634000F8CB0 /* SwiftyJSON.swift */; };
		9F49490B216262210014AF43 /* PromiseKit.framework in Frameworks */ = {isa = PBXBuildFile; fileRef = 9F4948EB216261F60014AF43 /* PromiseKit.framework */; };
/* End PBXBuildFile section */

/* Begin PBXContainerItemProxy section */
		9F4948EA216261F60014AF43 /* PBXContainerItemProxy */ = {
			isa = PBXContainerItemProxy;
			containerPortal = 9F4948E1216261F60014AF43 /* PromiseKit.xcodeproj */;
			proxyType = 2;
			remoteGlobalIDString = 63B0AC571D595E1B00FA21D9;
			remoteInfo = PromiseKit;
		};
		9F4948EC216261F60014AF43 /* PBXContainerItemProxy */ = {
			isa = PBXContainerItemProxy;
			containerPortal = 9F4948E1216261F60014AF43 /* PromiseKit.xcodeproj */;
			proxyType = 2;
			remoteGlobalIDString = 631751A81D59766500A9DDDC;
			remoteInfo = "PMKA+Tests";
		};
		9F4948EE216261F60014AF43 /* PBXContainerItemProxy */ = {
			isa = PBXContainerItemProxy;
			containerPortal = 9F4948E1216261F60014AF43 /* PromiseKit.xcodeproj */;
			proxyType = 2;
			remoteGlobalIDString = 6314113C1D59795700E24B9E;
			remoteInfo = PMKBridgeTests;
		};
		9F4948F0216261F60014AF43 /* PBXContainerItemProxy */ = {
			isa = PBXContainerItemProxy;
			containerPortal = 9F4948E1216261F60014AF43 /* PromiseKit.xcodeproj */;
			proxyType = 2;
			remoteGlobalIDString = 630019221D596292003B4E30;
			remoteInfo = PMKCoreTests;
		};
		9F4948F2216261F60014AF43 /* PBXContainerItemProxy */ = {
			isa = PBXContainerItemProxy;
			containerPortal = 9F4948E1216261F60014AF43 /* PromiseKit.xcodeproj */;
			proxyType = 2;
			remoteGlobalIDString = 633027EA203CC0060037E136;
			remoteInfo = PMKDeprecatedTests;
		};
		9F4948F4216261F60014AF43 /* PBXContainerItemProxy */ = {
			isa = PBXContainerItemProxy;
			containerPortal = 9F4948E1216261F60014AF43 /* PromiseKit.xcodeproj */;
			proxyType = 2;
			remoteGlobalIDString = C0244E622047A6CB00ACB4AC;
			remoteInfo = "PMKJSA+Tests";
		};
		9F4948FF216262010014AF43 /* PBXContainerItemProxy */ = {
			isa = PBXContainerItemProxy;
			containerPortal = 9F4948F6216262010014AF43 /* PromiseKit.xcodeproj */;
			proxyType = 2;
			remoteGlobalIDString = 63B0AC571D595E1B00FA21D9;
			remoteInfo = PromiseKit;
		};
		9F494901216262010014AF43 /* PBXContainerItemProxy */ = {
			isa = PBXContainerItemProxy;
			containerPortal = 9F4948F6216262010014AF43 /* PromiseKit.xcodeproj */;
			proxyType = 2;
			remoteGlobalIDString = 631751A81D59766500A9DDDC;
			remoteInfo = "PMKA+Tests";
		};
		9F494903216262010014AF43 /* PBXContainerItemProxy */ = {
			isa = PBXContainerItemProxy;
			containerPortal = 9F4948F6216262010014AF43 /* PromiseKit.xcodeproj */;
			proxyType = 2;
			remoteGlobalIDString = 6314113C1D59795700E24B9E;
			remoteInfo = PMKBridgeTests;
		};
		9F494905216262010014AF43 /* PBXContainerItemProxy */ = {
			isa = PBXContainerItemProxy;
			containerPortal = 9F4948F6216262010014AF43 /* PromiseKit.xcodeproj */;
			proxyType = 2;
			remoteGlobalIDString = 630019221D596292003B4E30;
			remoteInfo = PMKCoreTests;
		};
		9F494907216262010014AF43 /* PBXContainerItemProxy */ = {
			isa = PBXContainerItemProxy;
			containerPortal = 9F4948F6216262010014AF43 /* PromiseKit.xcodeproj */;
			proxyType = 2;
			remoteGlobalIDString = 633027EA203CC0060037E136;
			remoteInfo = PMKDeprecatedTests;
		};
		9F494909216262010014AF43 /* PBXContainerItemProxy */ = {
			isa = PBXContainerItemProxy;
			containerPortal = 9F4948F6216262010014AF43 /* PromiseKit.xcodeproj */;
			proxyType = 2;
			remoteGlobalIDString = C0244E622047A6CB00ACB4AC;
			remoteInfo = "PMKJSA+Tests";
		};
/* End PBXContainerItemProxy section */

/* Begin PBXFileReference section */
		8F5530652153747F000F8CB0 /* StudentHouse.app */ = {isa = PBXFileReference; explicitFileType = wrapper.application; includeInIndex = 0; path = StudentHouse.app; sourceTree = BUILT_PRODUCTS_DIR; };
		8F5530682153747F000F8CB0 /* AppDelegate.swift */ = {isa = PBXFileReference; lastKnownFileType = sourcecode.swift; path = AppDelegate.swift; sourceTree = "<group>"; };
		8F55306A2153747F000F8CB0 /* ViewController.swift */ = {isa = PBXFileReference; lastKnownFileType = sourcecode.swift; path = ViewController.swift; sourceTree = "<group>"; };
		8F55306D2153747F000F8CB0 /* Base */ = {isa = PBXFileReference; lastKnownFileType = file.storyboard; name = Base; path = Base.lproj/Main.storyboard; sourceTree = "<group>"; };
		8F55306F21537483000F8CB0 /* Assets.xcassets */ = {isa = PBXFileReference; lastKnownFileType = folder.assetcatalog; path = Assets.xcassets; sourceTree = "<group>"; };
		8F55307221537483000F8CB0 /* Base */ = {isa = PBXFileReference; lastKnownFileType = file.storyboard; name = Base; path = Base.lproj/LaunchScreen.storyboard; sourceTree = "<group>"; };
		8F55307421537483000F8CB0 /* Info.plist */ = {isa = PBXFileReference; lastKnownFileType = text.plist.xml; path = Info.plist; sourceTree = "<group>"; };
		8F55307A21537634000F8CB0 /* SwiftyJSON.swift */ = {isa = PBXFileReference; fileEncoding = 4; lastKnownFileType = sourcecode.swift; path = SwiftyJSON.swift; sourceTree = "<group>"; };
		9F4948E1216261F60014AF43 /* PromiseKit.xcodeproj */ = {isa = PBXFileReference; lastKnownFileType = "wrapper.pb-project"; name = PromiseKit.xcodeproj; path = "../../../../../../Downloads/PromiseKit-master-2/PromiseKit.xcodeproj"; sourceTree = "<group>"; };
		9F4948F6216262010014AF43 /* PromiseKit.xcodeproj */ = {isa = PBXFileReference; lastKnownFileType = "wrapper.pb-project"; name = PromiseKit.xcodeproj; path = "../../../../../../../Downloads/PromiseKit-master-2/PromiseKit.xcodeproj"; sourceTree = "<group>"; };
/* End PBXFileReference section */

/* Begin PBXFrameworksBuildPhase section */
		8F5530622153747F000F8CB0 /* Frameworks */ = {
			isa = PBXFrameworksBuildPhase;
			buildActionMask = 2147483647;
			files = (
				9F49490B216262210014AF43 /* PromiseKit.framework in Frameworks */,
			);
			runOnlyForDeploymentPostprocessing = 0;
		};
/* End PBXFrameworksBuildPhase section */

/* Begin PBXGroup section */
		8F55305C2153747F000F8CB0 = {
			isa = PBXGroup;
			children = (
				8F5530672153747F000F8CB0 /* StudentHouse */,
				8F5530662153747F000F8CB0 /* Products */,
				9FDA94E221550DAB00D5D25F /* Frameworks */,
			);
			sourceTree = "<group>";
		};
		8F5530662153747F000F8CB0 /* Products */ = {
			isa = PBXGroup;
			children = (
				8F5530652153747F000F8CB0 /* StudentHouse.app */,
			);
			name = Products;
			sourceTree = "<group>";
		};
		8F5530672153747F000F8CB0 /* StudentHouse */ = {
			isa = PBXGroup;
			children = (
				9F4948F6216262010014AF43 /* PromiseKit.xcodeproj */,
				8F5530682153747F000F8CB0 /* AppDelegate.swift */,
				8F55306A2153747F000F8CB0 /* ViewController.swift */,
				8F55307A21537634000F8CB0 /* SwiftyJSON.swift */,
				8F55306C2153747F000F8CB0 /* Main.storyboard */,
				8F55306F21537483000F8CB0 /* Assets.xcassets */,
				8F55307121537483000F8CB0 /* LaunchScreen.storyboard */,
				8F55307421537483000F8CB0 /* Info.plist */,
			);
			path = StudentHouse;
			sourceTree = "<group>";
		};
		9F4948E2216261F60014AF43 /* Products */ = {
			isa = PBXGroup;
			children = (
				9F4948EB216261F60014AF43 /* PromiseKit.framework */,
				9F4948ED216261F60014AF43 /* PMKA+Tests.xctest */,
				9F4948EF216261F60014AF43 /* PMKBridgeTests.xctest */,
				9F4948F1216261F60014AF43 /* PMKCoreTests.xctest */,
				9F4948F3216261F60014AF43 /* PMKDeprecatedTests.xctest */,
				9F4948F5216261F60014AF43 /* PMKJSA+Tests.xctest */,
			);
			name = Products;
			sourceTree = "<group>";
		};
		9F4948F7216262010014AF43 /* Products */ = {
			isa = PBXGroup;
			children = (
				9F494900216262010014AF43 /* PromiseKit.framework */,
				9F494902216262010014AF43 /* PMKA+Tests.xctest */,
				9F494904216262010014AF43 /* PMKBridgeTests.xctest */,
				9F494906216262010014AF43 /* PMKCoreTests.xctest */,
				9F494908216262010014AF43 /* PMKDeprecatedTests.xctest */,
				9F49490A216262010014AF43 /* PMKJSA+Tests.xctest */,
			);
			name = Products;
			sourceTree = "<group>";
		};
		9FDA94E221550DAB00D5D25F /* Frameworks */ = {
			isa = PBXGroup;
			children = (
				9F4948E1216261F60014AF43 /* PromiseKit.xcodeproj */,
			);
			name = Frameworks;
			sourceTree = "<group>";
		};
/* End PBXGroup section */

/* Begin PBXNativeTarget section */
		8F5530642153747F000F8CB0 /* StudentHouse */ = {
			isa = PBXNativeTarget;
			buildConfigurationList = 8F55307721537483000F8CB0 /* Build configuration list for PBXNativeTarget "StudentHouse" */;
			buildPhases = (
				8F5530612153747F000F8CB0 /* Sources */,
				8F5530622153747F000F8CB0 /* Frameworks */,
				8F5530632153747F000F8CB0 /* Resources */,
			);
			buildRules = (
			);
			dependencies = (
			);
			name = StudentHouse;
			productName = StudentHouse;
			productReference = 8F5530652153747F000F8CB0 /* StudentHouse.app */;
			productType = "com.apple.product-type.application";
		};
/* End PBXNativeTarget section */

/* Begin PBXProject section */
		8F55305D2153747F000F8CB0 /* Project object */ = {
			isa = PBXProject;
			attributes = {
				LastSwiftUpdateCheck = 1000;
				LastUpgradeCheck = 1000;
				ORGANIZATIONNAME = "Evan Weinberg";
				TargetAttributes = {
					8F5530642153747F000F8CB0 = {
						CreatedOnToolsVersion = 10.0;
					};
				};
			};
			buildConfigurationList = 8F5530602153747F000F8CB0 /* Build configuration list for PBXProject "StudentHouse" */;
			compatibilityVersion = "Xcode 9.3";
			developmentRegion = en;
			hasScannedForEncodings = 0;
			knownRegions = (
				en,
				Base,
			);
			mainGroup = 8F55305C2153747F000F8CB0;
			productRefGroup = 8F5530662153747F000F8CB0 /* Products */;
			projectDirPath = "";
			projectReferences = (
				{
					ProductGroup = 9F4948E2216261F60014AF43 /* Products */;
					ProjectRef = 9F4948E1216261F60014AF43 /* PromiseKit.xcodeproj */;
				},
				{
					ProductGroup = 9F4948F7216262010014AF43 /* Products */;
					ProjectRef = 9F4948F6216262010014AF43 /* PromiseKit.xcodeproj */;
				},
			);
			projectRoot = "";
			targets = (
				8F5530642153747F000F8CB0 /* StudentHouse */,
			);
		};
/* End PBXProject section */

/* Begin PBXReferenceProxy section */
		9F4948EB216261F60014AF43 /* PromiseKit.framework */ = {
			isa = PBXReferenceProxy;
			fileType = wrapper.framework;
			path = PromiseKit.framework;
			remoteRef = 9F4948EA216261F60014AF43 /* PBXContainerItemProxy */;
			sourceTree = BUILT_PRODUCTS_DIR;
		};
		9F4948ED216261F60014AF43 /* PMKA+Tests.xctest */ = {
			isa = PBXReferenceProxy;
			fileType = wrapper.cfbundle;
			path = "PMKA+Tests.xctest";
			remoteRef = 9F4948EC216261F60014AF43 /* PBXContainerItemProxy */;
			sourceTree = BUILT_PRODUCTS_DIR;
		};
		9F4948EF216261F60014AF43 /* PMKBridgeTests.xctest */ = {
			isa = PBXReferenceProxy;
			fileType = wrapper.cfbundle;
			path = PMKBridgeTests.xctest;
			remoteRef = 9F4948EE216261F60014AF43 /* PBXContainerItemProxy */;
			sourceTree = BUILT_PRODUCTS_DIR;
		};
		9F4948F1216261F60014AF43 /* PMKCoreTests.xctest */ = {
			isa = PBXReferenceProxy;
			fileType = wrapper.cfbundle;
			path = PMKCoreTests.xctest;
			remoteRef = 9F4948F0216261F60014AF43 /* PBXContainerItemProxy */;
			sourceTree = BUILT_PRODUCTS_DIR;
		};
		9F4948F3216261F60014AF43 /* PMKDeprecatedTests.xctest */ = {
			isa = PBXReferenceProxy;
			fileType = wrapper.cfbundle;
			path = PMKDeprecatedTests.xctest;
			remoteRef = 9F4948F2216261F60014AF43 /* PBXContainerItemProxy */;
			sourceTree = BUILT_PRODUCTS_DIR;
		};
		9F4948F5216261F60014AF43 /* PMKJSA+Tests.xctest */ = {
			isa = PBXReferenceProxy;
			fileType = wrapper.cfbundle;
			path = "PMKJSA+Tests.xctest";
			remoteRef = 9F4948F4216261F60014AF43 /* PBXContainerItemProxy */;
			sourceTree = BUILT_PRODUCTS_DIR;
		};
		9F494900216262010014AF43 /* PromiseKit.framework */ = {
			isa = PBXReferenceProxy;
			fileType = wrapper.framework;
			path = PromiseKit.framework;
			remoteRef = 9F4948FF216262010014AF43 /* PBXContainerItemProxy */;
			sourceTree = BUILT_PRODUCTS_DIR;
		};
		9F494902216262010014AF43 /* PMKA+Tests.xctest */ = {
			isa = PBXReferenceProxy;
			fileType = wrapper.cfbundle;
			path = "PMKA+Tests.xctest";
			remoteRef = 9F494901216262010014AF43 /* PBXContainerItemProxy */;
			sourceTree = BUILT_PRODUCTS_DIR;
		};
		9F494904216262010014AF43 /* PMKBridgeTests.xctest */ = {
			isa = PBXReferenceProxy;
			fileType = wrapper.cfbundle;
			path = PMKBridgeTests.xctest;
			remoteRef = 9F494903216262010014AF43 /* PBXContainerItemProxy */;
			sourceTree = BUILT_PRODUCTS_DIR;
		};
		9F494906216262010014AF43 /* PMKCoreTests.xctest */ = {
			isa = PBXReferenceProxy;
			fileType = wrapper.cfbundle;
			path = PMKCoreTests.xctest;
			remoteRef = 9F494905216262010014AF43 /* PBXContainerItemProxy */;
			sourceTree = BUILT_PRODUCTS_DIR;
		};
		9F494908216262010014AF43 /* PMKDeprecatedTests.xctest */ = {
			isa = PBXReferenceProxy;
			fileType = wrapper.cfbundle;
			path = PMKDeprecatedTests.xctest;
			remoteRef = 9F494907216262010014AF43 /* PBXContainerItemProxy */;
			sourceTree = BUILT_PRODUCTS_DIR;
		};
		9F49490A216262010014AF43 /* PMKJSA+Tests.xctest */ = {
			isa = PBXReferenceProxy;
			fileType = wrapper.cfbundle;
			path = "PMKJSA+Tests.xctest";
			remoteRef = 9F494909216262010014AF43 /* PBXContainerItemProxy */;
			sourceTree = BUILT_PRODUCTS_DIR;
		};
/* End PBXReferenceProxy section */

/* Begin PBXResourcesBuildPhase section */
		8F5530632153747F000F8CB0 /* Resources */ = {
			isa = PBXResourcesBuildPhase;
			buildActionMask = 2147483647;
			files = (
				8F55307321537483000F8CB0 /* LaunchScreen.storyboard in Resources */,
				8F55307021537483000F8CB0 /* Assets.xcassets in Resources */,
				8F55306E2153747F000F8CB0 /* Main.storyboard in Resources */,
			);
			runOnlyForDeploymentPostprocessing = 0;
		};
/* End PBXResourcesBuildPhase section */

/* Begin PBXSourcesBuildPhase section */
		8F5530612153747F000F8CB0 /* Sources */ = {
			isa = PBXSourcesBuildPhase;
			buildActionMask = 2147483647;
			files = (
				8F55307B21537634000F8CB0 /* SwiftyJSON.swift in Sources */,
				8F55306B2153747F000F8CB0 /* ViewController.swift in Sources */,
				8F5530692153747F000F8CB0 /* AppDelegate.swift in Sources */,
			);
			runOnlyForDeploymentPostprocessing = 0;
		};
/* End PBXSourcesBuildPhase section */

/* Begin PBXVariantGroup section */
		8F55306C2153747F000F8CB0 /* Main.storyboard */ = {
			isa = PBXVariantGroup;
			children = (
				8F55306D2153747F000F8CB0 /* Base */,
			);
			name = Main.storyboard;
			sourceTree = "<group>";
		};
		8F55307121537483000F8CB0 /* LaunchScreen.storyboard */ = {
			isa = PBXVariantGroup;
			children = (
				8F55307221537483000F8CB0 /* Base */,
			);
			name = LaunchScreen.storyboard;
			sourceTree = "<group>";
		};
/* End PBXVariantGroup section */

/* Begin XCBuildConfiguration section */
		8F55307521537483000F8CB0 /* Debug */ = {
			isa = XCBuildConfiguration;
			buildSettings = {
				ALWAYS_SEARCH_USER_PATHS = NO;
				CLANG_ANALYZER_NONNULL = YES;
				CLANG_ANALYZER_NUMBER_OBJECT_CONVERSION = YES_AGGRESSIVE;
				CLANG_CXX_LANGUAGE_STANDARD = "gnu++14";
				CLANG_CXX_LIBRARY = "libc++";
				CLANG_ENABLE_MODULES = YES;
				CLANG_ENABLE_OBJC_ARC = YES;
				CLANG_ENABLE_OBJC_WEAK = YES;
				CLANG_WARN_BLOCK_CAPTURE_AUTORELEASING = YES;
				CLANG_WARN_BOOL_CONVERSION = YES;
				CLANG_WARN_COMMA = YES;
				CLANG_WARN_CONSTANT_CONVERSION = YES;
				CLANG_WARN_DEPRECATED_OBJC_IMPLEMENTATIONS = YES;
				CLANG_WARN_DIRECT_OBJC_ISA_USAGE = YES_ERROR;
				CLANG_WARN_DOCUMENTATION_COMMENTS = YES;
				CLANG_WARN_EMPTY_BODY = YES;
				CLANG_WARN_ENUM_CONVERSION = YES;
				CLANG_WARN_INFINITE_RECURSION = YES;
				CLANG_WARN_INT_CONVERSION = YES;
				CLANG_WARN_NON_LITERAL_NULL_CONVERSION = YES;
				CLANG_WARN_OBJC_IMPLICIT_RETAIN_SELF = YES;
				CLANG_WARN_OBJC_LITERAL_CONVERSION = YES;
				CLANG_WARN_OBJC_ROOT_CLASS = YES_ERROR;
				CLANG_WARN_RANGE_LOOP_ANALYSIS = YES;
				CLANG_WARN_STRICT_PROTOTYPES = YES;
				CLANG_WARN_SUSPICIOUS_MOVE = YES;
				CLANG_WARN_UNGUARDED_AVAILABILITY = YES_AGGRESSIVE;
				CLANG_WARN_UNREACHABLE_CODE = YES;
				CLANG_WARN__DUPLICATE_METHOD_MATCH = YES;
				CODE_SIGN_IDENTITY = "iPhone Developer";
				COPY_PHASE_STRIP = NO;
				DEBUG_INFORMATION_FORMAT = dwarf;
				ENABLE_STRICT_OBJC_MSGSEND = YES;
				ENABLE_TESTABILITY = YES;
				GCC_C_LANGUAGE_STANDARD = gnu11;
				GCC_DYNAMIC_NO_PIC = NO;
				GCC_NO_COMMON_BLOCKS = YES;
				GCC_OPTIMIZATION_LEVEL = 0;
				GCC_PREPROCESSOR_DEFINITIONS = (
					"DEBUG=1",
					"$(inherited)",
				);
				GCC_WARN_64_TO_32_BIT_CONVERSION = YES;
				GCC_WARN_ABOUT_RETURN_TYPE = YES_ERROR;
				GCC_WARN_UNDECLARED_SELECTOR = YES;
				GCC_WARN_UNINITIALIZED_AUTOS = YES_AGGRESSIVE;
				GCC_WARN_UNUSED_FUNCTION = YES;
				GCC_WARN_UNUSED_VARIABLE = YES;
				IPHONEOS_DEPLOYMENT_TARGET = 12.0;
				MTL_ENABLE_DEBUG_INFO = INCLUDE_SOURCE;
				MTL_FAST_MATH = YES;
				ONLY_ACTIVE_ARCH = YES;
				SDKROOT = iphoneos;
				SWIFT_ACTIVE_COMPILATION_CONDITIONS = DEBUG;
				SWIFT_OPTIMIZATION_LEVEL = "-Onone";
			};
			name = Debug;
		};
		8F55307621537483000F8CB0 /* Release */ = {
			isa = XCBuildConfiguration;
			buildSettings = {
				ALWAYS_SEARCH_USER_PATHS = NO;
				CLANG_ANALYZER_NONNULL = YES;
				CLANG_ANALYZER_NUMBER_OBJECT_CONVERSION = YES_AGGRESSIVE;
				CLANG_CXX_LANGUAGE_STANDARD = "gnu++14";
				CLANG_CXX_LIBRARY = "libc++";
				CLANG_ENABLE_MODULES = YES;
				CLANG_ENABLE_OBJC_ARC = YES;
				CLANG_ENABLE_OBJC_WEAK = YES;
				CLANG_WARN_BLOCK_CAPTURE_AUTORELEASING = YES;
				CLANG_WARN_BOOL_CONVERSION = YES;
				CLANG_WARN_COMMA = YES;
				CLANG_WARN_CONSTANT_CONVERSION = YES;
				CLANG_WARN_DEPRECATED_OBJC_IMPLEMENTATIONS = YES;
				CLANG_WARN_DIRECT_OBJC_ISA_USAGE = YES_ERROR;
				CLANG_WARN_DOCUMENTATION_COMMENTS = YES;
				CLANG_WARN_EMPTY_BODY = YES;
				CLANG_WARN_ENUM_CONVERSION = YES;
				CLANG_WARN_INFINITE_RECURSION = YES;
				CLANG_WARN_INT_CONVERSION = YES;
				CLANG_WARN_NON_LITERAL_NULL_CONVERSION = YES;
				CLANG_WARN_OBJC_IMPLICIT_RETAIN_SELF = YES;
				CLANG_WARN_OBJC_LITERAL_CONVERSION = YES;
				CLANG_WARN_OBJC_ROOT_CLASS = YES_ERROR;
				CLANG_WARN_RANGE_LOOP_ANALYSIS = YES;
				CLANG_WARN_STRICT_PROTOTYPES = YES;
				CLANG_WARN_SUSPICIOUS_MOVE = YES;
				CLANG_WARN_UNGUARDED_AVAILABILITY = YES_AGGRESSIVE;
				CLANG_WARN_UNREACHABLE_CODE = YES;
				CLANG_WARN__DUPLICATE_METHOD_MATCH = YES;
				CODE_SIGN_IDENTITY = "iPhone Developer";
				COPY_PHASE_STRIP = NO;
				DEBUG_INFORMATION_FORMAT = "dwarf-with-dsym";
				ENABLE_NS_ASSERTIONS = NO;
				ENABLE_STRICT_OBJC_MSGSEND = YES;
				GCC_C_LANGUAGE_STANDARD = gnu11;
				GCC_NO_COMMON_BLOCKS = YES;
				GCC_WARN_64_TO_32_BIT_CONVERSION = YES;
				GCC_WARN_ABOUT_RETURN_TYPE = YES_ERROR;
				GCC_WARN_UNDECLARED_SELECTOR = YES;
				GCC_WARN_UNINITIALIZED_AUTOS = YES_AGGRESSIVE;
				GCC_WARN_UNUSED_FUNCTION = YES;
				GCC_WARN_UNUSED_VARIABLE = YES;
				IPHONEOS_DEPLOYMENT_TARGET = 12.0;
				MTL_ENABLE_DEBUG_INFO = NO;
				MTL_FAST_MATH = YES;
				SDKROOT = iphoneos;
				SWIFT_COMPILATION_MODE = wholemodule;
				SWIFT_OPTIMIZATION_LEVEL = "-O";
				VALIDATE_PRODUCT = YES;
			};
			name = Release;
		};
		8F55307821537483000F8CB0 /* Debug */ = {
			isa = XCBuildConfiguration;
			buildSettings = {
				ASSETCATALOG_COMPILER_APPICON_NAME = AppIcon;
				CODE_SIGN_STYLE = Automatic;
				DEVELOPMENT_TEAM = L535VE8CNC;
				INFOPLIST_FILE = StudentHouse/Info.plist;
				LD_RUNPATH_SEARCH_PATHS = (
					"$(inherited)",
					"@executable_path/Frameworks",
				);
				PRODUCT_BUNDLE_IDENTIFIER = EMW.StudentHouse;
				PRODUCT_NAME = "$(TARGET_NAME)";
				SWIFT_VERSION = 4.2;
				TARGETED_DEVICE_FAMILY = "1,2";
			};
			name = Debug;
		};
		8F55307921537483000F8CB0 /* Release */ = {
			isa = XCBuildConfiguration;
			buildSettings = {
				ASSETCATALOG_COMPILER_APPICON_NAME = AppIcon;
				CODE_SIGN_STYLE = Automatic;
				DEVELOPMENT_TEAM = L535VE8CNC;
				INFOPLIST_FILE = StudentHouse/Info.plist;
				LD_RUNPATH_SEARCH_PATHS = (
					"$(inherited)",
					"@executable_path/Frameworks",
				);
				PRODUCT_BUNDLE_IDENTIFIER = EMW.StudentHouse;
				PRODUCT_NAME = "$(TARGET_NAME)";
				SWIFT_VERSION = 4.2;
				TARGETED_DEVICE_FAMILY = "1,2";
			};
			name = Release;
		};
/* End XCBuildConfiguration section */

/* Begin XCConfigurationList section */
		8F5530602153747F000F8CB0 /* Build configuration list for PBXProject "StudentHouse" */ = {
			isa = XCConfigurationList;
			buildConfigurations = (
				8F55307521537483000F8CB0 /* Debug */,
				8F55307621537483000F8CB0 /* Release */,
			);
			defaultConfigurationIsVisible = 0;
			defaultConfigurationName = Release;
		};
		8F55307721537483000F8CB0 /* Build configuration list for PBXNativeTarget "StudentHouse" */ = {
			isa = XCConfigurationList;
			buildConfigurations = (
				8F55307821537483000F8CB0 /* Debug */,
				8F55307921537483000F8CB0 /* Release */,
			);
			defaultConfigurationIsVisible = 0;
			defaultConfigurationName = Release;
		};
/* End XCConfigurationList section */
	};
	rootObject = 8F55305D2153747F000F8CB0 /* Project object */;
}
